
Microsoft Visual Studio Solution File, Format Version 12.00
# Visual Studio Version 17
VisualStudioVersion = 17.0.31912.275
MinimumVisualStudioVersion = 10.0.40219.1
Project("{FAE04EC0-301F-11D3-BF4B-00C04F79EFBC}") = "LessonCsharpTwo", "LessonCsharpTwo\LessonCsharpTwo.csproj", "{5A4F7DFA-A704-4759-91FB-BB0DE1E264CE}"
EndProject
Global
	GlobalSection(SolutionConfigurationPlatforms) = preSolution
		Debug|Any CPU = Debug|Any CPU
		Release|Any CPU = Release|Any CPU
	EndGlobalSection
	GlobalSection(ProjectConfigurationPlatforms) = postSolution
		{5A4F7DFA-A704-4759-91FB-BB0DE1E264CE}.Debug|Any CPU.ActiveCfg = Debug|Any CPU
		{5A4F7DFA-A704-4759-91FB-BB0DE1E264CE}.Debug|Any CPU.Build.0 = Debug|Any CPU
		{5A4F7DFA-A704-4759-91FB-BB0DE1E264CE}.Release|Any CPU.ActiveCfg = Release|Any CPU
		{5A4F7DFA-A704-4759-91FB-BB0DE1E264CE}.Release|Any CPU.Build.0 = Release|Any CPU
	EndGlobalSection
	GlobalSection(SolutionProperties) = preSolution
		HideSolutionNode = FALSE
	EndGlobalSection
	GlobalSection(ExtensibilityGlobals) = postSolution
		SolutionGuid = {840D4529-4435-4752-BBC9-5D80FE58B8E7}
	EndGlobalSection
EndGlobal
